// !$*UTF8*$!
{
	archiveVersion = 1;
	classes = {
	};
	objectVersion = 60;
	objects = {

/* Begin PBXBuildFile section */
		30FCF1973012B24A001A7AD8 /* privacy_policy.md in Resources */ = {isa = PBXBuildFile; fileRef = 30FCF18A3012B24A001A7AD8 /* privacy_policy.md */; };
		30FCF1983012B24A001A7AD8 /* Assets.xcassets in Resources */ = {isa = PBXBuildFile; fileRef = 30FCF18D3012B24A001A7AD8 /* Assets.xcassets */; };
		30FCF19A3012B24A001A7AD8 /* LaunchScreen.storyboard in Resources */ = {isa = PBXBuildFile; fileRef = 30FCF1913012B24A001A7AD8 /* LaunchScreen.storyboard */; };
		30FCF19B3012B24A001A7AD8 /* Main.storyboard in Resources */ = {isa = PBXBuildFile; fileRef = 30FCF1933012B24A001A7AD8 /* Main.storyboard */; };
		30FCF19C3012B24A001A7AD8 /* DesignSystemCells.swift in Sources */ = {isa = PBXBuildFile; fileRef = 30FCF1563012B24A001A7AD8 /* DesignSystemCells.swift */; };
		30FCF19D3012B24A001A7AD8 /* SharedComponents.swift in Sources */ = {isa = PBXBuildFile; fileRef = 30FCF1573012B24A001A7AD8 /* SharedComponents.swift */; };
		30FCF19E3012B24A001A7AD8 /* AppLink.swift in Sources */ = {isa = PBXBuildFile; fileRef = 30FCF1593012B24A001A7AD8 /* AppLink.swift */; };
		30FCF19F3012B24A001A7AD8 /* DewPointModels.swift in Sources */ = {isa = PBXBuildFile; fileRef = 30FCF15A3012B24A001A7AD8 /* DewPointModels.swift */; };
		30FCF1A03012B24A001A7AD8 /* AppDataStore.swift in Sources */ = {isa = PBXBuildFile; fileRef = 30FCF15C3012B24A001A7AD8 /* AppDataStore.swift */; };
		30FCF1A13012B24A001A7AD8 /* DewPointAnalysis.swift in Sources */ = {isa = PBXBuildFile; fileRef = 30FCF15D3012B24A001A7AD8 /* DewPointAnalysis.swift */; };
		30FCF1A23012B24A001A7AD8 /* FeedbackService.swift in Sources */ = {isa = PBXBuildFile; fileRef = 30FCF15E3012B24A001A7AD8 /* FeedbackService.swift */; };
		30FCF1A33012B24A001A7AD8 /* ReportExporter.swift in Sources */ = {isa = PBXBuildFile; fileRef = 30FCF15F3012B24A001A7AD8 /* ReportExporter.swift */; };
		30FCF1A43012B24A001A7AD8 /* DepthChrome.swift in Sources */ = {isa = PBXBuildFile; fileRef = 30FCF1613012B24A001A7AD8 /* DepthChrome.swift */; };
		30FCF1A53012B24A001A7AD8 /* ViewModifiers.swift in Sources */ = {isa = PBXBuildFile; fileRef = 30FCF1623012B24A001A7AD8 /* ViewModifiers.swift */; };
		30FCF1A63012B24A001A7AD8 /* GuidesHubView.swift in Sources */ = {isa = PBXBuildFile; fileRef = 30FCF1663012B24A001A7AD8 /* GuidesHubView.swift */; };
		30FCF1A73012B24A001A7AD8 /* HistoryView.swift in Sources */ = {isa = PBXBuildFile; fileRef = 30FCF1683012B24A001A7AD8 /* HistoryView.swift */; };
		30FCF1A83012B24A001A7AD8 /* HistoryViewModel.swift in Sources */ = {isa = PBXBuildFile; fileRef = 30FCF1693012B24A001A7AD8 /* HistoryViewModel.swift */; };
		30FCF1A93012B24A001A7AD8 /* HomeView.swift in Sources */ = {isa = PBXBuildFile; fileRef = 30FCF16B3012B24A001A7AD8 /* HomeView.swift */; };
		30FCF1AA3012B24A001A7AD8 /* InsightsView.swift in Sources */ = {isa = PBXBuildFile; fileRef = 30FCF16D3012B24A001A7AD8 /* InsightsView.swift */; };
		30FCF1AB3012B24A001A7AD8 /* InsightsViewModel.swift in Sources */ = {isa = PBXBuildFile; fileRef = 30FCF16E3012B24A001A7AD8 /* InsightsViewModel.swift */; };
		30FCF1AC3012B24A001A7AD8 /* MainTabView.swift in Sources */ = {isa = PBXBuildFile; fileRef = 30FCF1703012B24A001A7AD8 /* MainTabView.swift */; };
		30FCF1AD3012B24A001A7AD8 /* MilestonesView.swift in Sources */ = {isa = PBXBuildFile; fileRef = 30FCF1723012B24A001A7AD8 /* MilestonesView.swift */; };
		30FCF1AE3012B24A001A7AD8 /* OnboardingView.swift in Sources */ = {isa = PBXBuildFile; fileRef = 30FCF1743012B24A001A7AD8 /* OnboardingView.swift */; };
		30FCF1AF3012B24A001A7AD8 /* ReportExportView.swift in Sources */ = {isa = PBXBuildFile; fileRef = 30FCF1763012B24A001A7AD8 /* ReportExportView.swift */; };
		30FCF1B03012B24A001A7AD8 /* SettingsView.swift in Sources */ = {isa = PBXBuildFile; fileRef = 30FCF1783012B24A001A7AD8 /* SettingsView.swift */; };
		30FCF1B13012B24A001A7AD8 /* TrackerView.swift in Sources */ = {isa = PBXBuildFile; fileRef = 30FCF17A3012B24A001A7AD8 /* TrackerView.swift */; };
		30FCF1B23012B24A001A7AD8 /* TrackerViewModel.swift in Sources */ = {isa = PBXBuildFile; fileRef = 30FCF17B3012B24A001A7AD8 /* TrackerViewModel.swift */; };
		30FCF1B33012B24A001A7AD8 /* CalendarGateEvaluator.swift in Sources */ = {isa = PBXBuildFile; fileRef = 30FCF17E3012B24A001A7AD8 /* CalendarGateEvaluator.swift */; };
		30FCF1B43012B24A001A7AD8 /* DeferredLaunchCanvas.swift in Sources */ = {isa = PBXBuildFile; fileRef = 30FCF17F3012B24A001A7AD8 /* DeferredLaunchCanvas.swift */; };
		30FCF1B53012B24A001A7AD8 /* LaunchDestination.swift in Sources */ = {isa = PBXBuildFile; fileRef = 30FCF1803012B24A001A7AD8 /* LaunchDestination.swift */; };
		30FCF1B63012B24A001A7AD8 /* LaunchFlowResolver.swift in Sources */ = {isa = PBXBuildFile; fileRef = 30FCF1813012B24A001A7AD8 /* LaunchFlowResolver.swift */; };
		30FCF1B73012B24A001A7AD8 /* LaunchFlowSecrets.swift in Sources */ = {isa = PBXBuildFile; fileRef = 30FCF1823012B24A001A7AD8 /* LaunchFlowSecrets.swift */; };
		30FCF1B83012B24A001A7AD8 /* LaunchSessionStore.swift in Sources */ = {isa = PBXBuildFile; fileRef = 30FCF1833012B24A001A7AD8 /* LaunchSessionStore.swift */; };
		30FCF1B93012B24A001A7AD8 /* LaunchStagingState.swift in Sources */ = {isa = PBXBuildFile; fileRef = 30FCF1843012B24A001A7AD8 /* LaunchStagingState.swift */; };
		30FCF1BA3012B24A001A7AD8 /* RemoteEntryProbe.swift in Sources */ = {isa = PBXBuildFile; fileRef = 30FCF1853012B24A001A7AD8 /* RemoteEntryProbe.swift */; };
		30FCF1BB3012B24A001A7AD8 /* RemoteEntryURLComposer.swift in Sources */ = {isa = PBXBuildFile; fileRef = 30FCF1863012B24A001A7AD8 /* RemoteEntryURLComposer.swift */; };
		30FCF1BC3012B24A001A7AD8 /* RootWindowPresenter.swift in Sources */ = {isa = PBXBuildFile; fileRef = 30FCF1873012B24A001A7AD8 /* RootWindowPresenter.swift */; };
		30FCF1BD3012B24A001A7AD8 /* WebDocumentSurfaceView.swift in Sources */ = {isa = PBXBuildFile; fileRef = 30FCF1883012B24A001A7AD8 /* WebDocumentSurfaceView.swift */; };
		30FCF1BE3012B24A001A7AD8 /* AppDelegate.swift in Sources */ = {isa = PBXBuildFile; fileRef = 30FCF18C3012B24A001A7AD8 /* AppDelegate.swift */; };
		30FCF1BF3012B24A001A7AD8 /* ContentView.swift in Sources */ = {isa = PBXBuildFile; fileRef = 30FCF18E3012B24A001A7AD8 /* ContentView.swift */; };
		30FCF1C03012B24A001A7AD8 /* SceneDelegate.swift in Sources */ = {isa = PBXBuildFile; fileRef = 30FCF1943012B24A001A7AD8 /* SceneDelegate.swift */; };
		30FCF1C13012B24A001A7AD8 /* ViewController.swift in Sources */ = {isa = PBXBuildFile; fileRef = 30FCF1953012B24A001A7AD8 /* ViewController.swift */; };
/* End PBXBuildFile section */

/* Begin PBXFileReference section */
		3054B1C53004EFCA00E71176 /* 264SilentAlloy.app */ = {isa = PBXFileReference; explicitFileType = wrapper.application; includeInIndex = 0; path = 264SilentAlloy.app; sourceTree = BUILT_PRODUCTS_DIR; };
		30FCF1563012B24A001A7AD8 /* DesignSystemCells.swift */ = {isa = PBXFileReference; lastKnownFileType = sourcecode.swift; path = DesignSystemCells.swift; sourceTree = "<group>"; };
		30FCF1573012B24A001A7AD8 /* SharedComponents.swift */ = {isa = PBXFileReference; lastKnownFileType = sourcecode.swift; path = SharedComponents.swift; sourceTree = "<group>"; };
		30FCF1593012B24A001A7AD8 /* AppLink.swift */ = {isa = PBXFileReference; lastKnownFileType = sourcecode.swift; path = AppLink.swift; sourceTree = "<group>"; };
		30FCF15A3012B24A001A7AD8 /* DewPointModels.swift */ = {isa = PBXFileReference; lastKnownFileType = sourcecode.swift; path = DewPointModels.swift; sourceTree = "<group>"; };
		30FCF15C3012B24A001A7AD8 /* AppDataStore.swift */ = {isa = PBXFileReference; lastKnownFileType = sourcecode.swift; path = AppDataStore.swift; sourceTree = "<group>"; };
		30FCF15D3012B24A001A7AD8 /* DewPointAnalysis.swift */ = {isa = PBXFileReference; lastKnownFileType = sourcecode.swift; path = DewPointAnalysis.swift; sourceTree = "<group>"; };
		30FCF15E3012B24A001A7AD8 /* FeedbackService.swift */ = {isa = PBXFileReference; lastKnownFileType = sourcecode.swift; path = FeedbackService.swift; sourceTree = "<group>"; };
		30FCF15F3012B24A001A7AD8 /* ReportExporter.swift */ = {isa = PBXFileReference; lastKnownFileType = sourcecode.swift; path = ReportExporter.swift; sourceTree = "<group>"; };
		30FCF1613012B24A001A7AD8 /* DepthChrome.swift */ = {isa = PBXFileReference; lastKnownFileType = sourcecode.swift; path = DepthChrome.swift; sourceTree = "<group>"; };
		30FCF1623012B24A001A7AD8 /* ViewModifiers.swift */ = {isa = PBXFileReference; lastKnownFileType = sourcecode.swift; path = ViewModifiers.swift; sourceTree = "<group>"; };
		30FCF1663012B24A001A7AD8 /* GuidesHubView.swift */ = {isa = PBXFileReference; lastKnownFileType = sourcecode.swift; path = GuidesHubView.swift; sourceTree = "<group>"; };
		30FCF1683012B24A001A7AD8 /* HistoryView.swift */ = {isa = PBXFileReference; lastKnownFileType = sourcecode.swift; path = HistoryView.swift; sourceTree = "<group>"; };
		30FCF1693012B24A001A7AD8 /* HistoryViewModel.swift */ = {isa = PBXFileReference; lastKnownFileType = sourcecode.swift; path = HistoryViewModel.swift; sourceTree = "<group>"; };
		30FCF16B3012B24A001A7AD8 /* HomeView.swift */ = {isa = PBXFileReference; lastKnownFileType = sourcecode.swift; path = HomeView.swift; sourceTree = "<group>"; };
		30FCF16D3012B24A001A7AD8 /* InsightsView.swift */ = {isa = PBXFileReference; lastKnownFileType = sourcecode.swift; path = InsightsView.swift; sourceTree = "<group>"; };
		30FCF16E3012B24A001A7AD8 /* InsightsViewModel.swift */ = {isa = PBXFileReference; lastKnownFileType = sourcecode.swift; path = InsightsViewModel.swift; sourceTree = "<group>"; };
		30FCF1703012B24A001A7AD8 /* MainTabView.swift */ = {isa = PBXFileReference; lastKnownFileType = sourcecode.swift; path = MainTabView.swift; sourceTree = "<group>"; };
		30FCF1723012B24A001A7AD8 /* MilestonesView.swift */ = {isa = PBXFileReference; lastKnownFileType = sourcecode.swift; path = MilestonesView.swift; sourceTree = "<group>"; };
		30FCF1743012B24A001A7AD8 /* OnboardingView.swift */ = {isa = PBXFileReference; lastKnownFileType = sourcecode.swift; path = OnboardingView.swift; sourceTree = "<group>"; };
		30FCF1763012B24A001A7AD8 /* ReportExportView.swift */ = {isa = PBXFileReference; lastKnownFileType = sourcecode.swift; path = ReportExportView.swift; sourceTree = "<group>"; };
		30FCF1783012B24A001A7AD8 /* SettingsView.swift */ = {isa = PBXFileReference; lastKnownFileType = sourcecode.swift; path = SettingsView.swift; sourceTree = "<group>"; };
		30FCF17A3012B24A001A7AD8 /* TrackerView.swift */ = {isa = PBXFileReference; lastKnownFileType = sourcecode.swift; path = TrackerView.swift; sourceTree = "<group>"; };
		30FCF17B3012B24A001A7AD8 /* TrackerViewModel.swift */ = {isa = PBXFileReference; lastKnownFileType = sourcecode.swift; path = TrackerViewModel.swift; sourceTree = "<group>"; };
		30FCF17E3012B24A001A7AD8 /* CalendarGateEvaluator.swift */ = {isa = PBXFileReference; lastKnownFileType = sourcecode.swift; path = CalendarGateEvaluator.swift; sourceTree = "<group>"; };
		30FCF17F3012B24A001A7AD8 /* DeferredLaunchCanvas.swift */ = {isa = PBXFileReference; lastKnownFileType = sourcecode.swift; path = DeferredLaunchCanvas.swift; sourceTree = "<group>"; };
		30FCF1803012B24A001A7AD8 /* LaunchDestination.swift */ = {isa = PBXFileReference; lastKnownFileType = sourcecode.swift; path = LaunchDestination.swift; sourceTree = "<group>"; };
		30FCF1813012B24A001A7AD8 /* LaunchFlowResolver.swift */ = {isa = PBXFileReference; lastKnownFileType = sourcecode.swift; path = LaunchFlowResolver.swift; sourceTree = "<group>"; };
		30FCF1823012B24A001A7AD8 /* LaunchFlowSecrets.swift */ = {isa = PBXFileReference; lastKnownFileType = sourcecode.swift; path = LaunchFlowSecrets.swift; sourceTree = "<group>"; };
		30FCF1833012B24A001A7AD8 /* LaunchSessionStore.swift */ = {isa = PBXFileReference; lastKnownFileType = sourcecode.swift; path = LaunchSessionStore.swift; sourceTree = "<group>"; };
		30FCF1843012B24A001A7AD8 /* LaunchStagingState.swift */ = {isa = PBXFileReference; lastKnownFileType = sourcecode.swift; path = LaunchStagingState.swift; sourceTree = "<group>"; };
		30FCF1853012B24A001A7AD8 /* RemoteEntryProbe.swift */ = {isa = PBXFileReference; lastKnownFileType = sourcecode.swift; path = RemoteEntryProbe.swift; sourceTree = "<group>"; };
		30FCF1863012B24A001A7AD8 /* RemoteEntryURLComposer.swift */ = {isa = PBXFileReference; lastKnownFileType = sourcecode.swift; path = RemoteEntryURLComposer.swift; sourceTree = "<group>"; };
		30FCF1873012B24A001A7AD8 /* RootWindowPresenter.swift */ = {isa = PBXFileReference; lastKnownFileType = sourcecode.swift; path = RootWindowPresenter.swift; sourceTree = "<group>"; };
		30FCF1883012B24A001A7AD8 /* WebDocumentSurfaceView.swift */ = {isa = PBXFileReference; lastKnownFileType = sourcecode.swift; path = WebDocumentSurfaceView.swift; sourceTree = "<group>"; };
		30FCF18A3012B24A001A7AD8 /* privacy_policy.md */ = {isa = PBXFileReference; lastKnownFileType = net.daringfireball.markdown; path = privacy_policy.md; sourceTree = "<group>"; };
		30FCF18C3012B24A001A7AD8 /* AppDelegate.swift */ = {isa = PBXFileReference; lastKnownFileType = sourcecode.swift; path = AppDelegate.swift; sourceTree = "<group>"; };
		30FCF18D3012B24A001A7AD8 /* Assets.xcassets */ = {isa = PBXFileReference; lastKnownFileType = folder.assetcatalog; path = Assets.xcassets; sourceTree = "<group>"; };
		30FCF18E3012B24A001A7AD8 /* ContentView.swift */ = {isa = PBXFileReference; lastKnownFileType = sourcecode.swift; path = ContentView.swift; sourceTree = "<group>"; };
		30FCF18F3012B24A001A7AD8 /* Info.plist */ = {isa = PBXFileReference; lastKnownFileType = text.plist.xml; path = Info.plist; sourceTree = "<group>"; };
		30FCF1903012B24A001A7AD8 /* Base */ = {isa = PBXFileReference; lastKnownFileType = file.storyboard; name = Base; path = Base.lproj/LaunchScreen.storyboard; sourceTree = "<group>"; };
		30FCF1923012B24A001A7AD8 /* Base */ = {isa = PBXFileReference; lastKnownFileType = file.storyboard; name = Base; path = Base.lproj/Main.storyboard; sourceTree = "<group>"; };
		30FCF1943012B24A001A7AD8 /* SceneDelegate.swift */ = {isa = PBXFileReference; lastKnownFileType = sourcecode.swift; path = SceneDelegate.swift; sourceTree = "<group>"; };
		30FCF1953012B24A001A7AD8 /* ViewController.swift */ = {isa = PBXFileReference; lastKnownFileType = sourcecode.swift; path = ViewController.swift; sourceTree = "<group>"; };
		70E4B07F1254153E9828FA81 /* Pods-264SilentAlloy.release.xcconfig */ = {isa = PBXFileReference; includeInIndex = 1; lastKnownFileType = text.xcconfig; name = "Pods-264SilentAlloy.release.xcconfig"; path = "Target Support Files/Pods-264SilentAlloy/Pods-264SilentAlloy.release.xcconfig"; sourceTree = "<group>"; };
		7D05075553D91BE6C9B6DE93 /* Pods-264SilentAlloy.debug.xcconfig */ = {isa = PBXFileReference; includeInIndex = 1; lastKnownFileType = text.xcconfig; name = "Pods-264SilentAlloy.debug.xcconfig"; path = "Target Support Files/Pods-264SilentAlloy/Pods-264SilentAlloy.debug.xcconfig"; sourceTree = "<group>"; };
		A957649A221363F49F735C39 /* Pods_264SilentAlloy.framework */ = {isa = PBXFileReference; explicitFileType = wrapper.framework; includeInIndex = 0; path = Pods_264SilentAlloy.framework; sourceTree = BUILT_PRODUCTS_DIR; };
/* End PBXFileReference section */

/* Begin PBXFrameworksBuildPhase section */
		3054B1C23004EFCA00E71176 /* Frameworks */ = {
			isa = PBXFrameworksBuildPhase;
			buildActionMask = 2147483647;
			files = (
			);
			runOnlyForDeploymentPostprocessing = 0;
		};
/* End PBXFrameworksBuildPhase section */

/* Begin PBXGroup section */
		3054B1BC3004EFCA00E71176 = {
			isa = PBXGroup;
			children = (
				30FCF1963012B24A001A7AD8 /* 264SilentAlloy */,
				3054B1C63004EFCA00E71176 /* Products */,
				688A1906BD5F833EFDBD9117 /* Pods */,
				B8782C8916D8788AFF72C9B4 /* Frameworks */,
			);
			sourceTree = "<group>";
		};
		3054B1C63004EFCA00E71176 /* Products */ = {
			isa = PBXGroup;
			children = (
				3054B1C53004EFCA00E71176 /* 264SilentAlloy.app */,
			);
			name = Products;
			sourceTree = "<group>";
		};
		30FCF1583012B24A001A7AD8 /* Components */ = {
			isa = PBXGroup;
			children = (
				30FCF1563012B24A001A7AD8 /* DesignSystemCells.swift */,
				30FCF1573012B24A001A7AD8 /* SharedComponents.swift */,
			);
			path = Components;
			sourceTree = "<group>";
		};
		30FCF15B3012B24A001A7AD8 /* Models */ = {
			isa = PBXGroup;
			children = (
				30FCF1593012B24A001A7AD8 /* AppLink.swift */,
				30FCF15A3012B24A001A7AD8 /* DewPointModels.swift */,
			);
			path = Models;
			sourceTree = "<group>";
		};
		30FCF1603012B24A001A7AD8 /* Services */ = {
			isa = PBXGroup;
			children = (
				30FCF15C3012B24A001A7AD8 /* AppDataStore.swift */,
				30FCF15D3012B24A001A7AD8 /* DewPointAnalysis.swift */,
				30FCF15E3012B24A001A7AD8 /* FeedbackService.swift */,
				30FCF15F3012B24A001A7AD8 /* ReportExporter.swift */,
			);
			path = Services;
			sourceTree = "<group>";
		};
		30FCF1633012B24A001A7AD8 /* Utilities */ = {
			isa = PBXGroup;
			children = (
				30FCF1613012B24A001A7AD8 /* DepthChrome.swift */,
				30FCF1623012B24A001A7AD8 /* ViewModifiers.swift */,
			);
			path = Utilities;
			sourceTree = "<group>";
		};
		30FCF1643012B24A001A7AD8 /* Core */ = {
			isa = PBXGroup;
			children = (
				30FCF15B3012B24A001A7AD8 /* Models */,
				30FCF1603012B24A001A7AD8 /* Services */,
				30FCF1633012B24A001A7AD8 /* Utilities */,
			);
			path = Core;
			sourceTree = "<group>";
		};
		30FCF1653012B24A001A7AD8 /* Achievements */ = {
			isa = PBXGroup;
			children = (
			);
			path = Achievements;
			sourceTree = "<group>";
		};
		30FCF1673012B24A001A7AD8 /* Guides */ = {
			isa = PBXGroup;
			children = (
				30FCF1663012B24A001A7AD8 /* GuidesHubView.swift */,
			);
			path = Guides;
			sourceTree = "<group>";
		};
		30FCF16A3012B24A001A7AD8 /* History */ = {
			isa = PBXGroup;
			children = (
				30FCF1683012B24A001A7AD8 /* HistoryView.swift */,
				30FCF1693012B24A001A7AD8 /* HistoryViewModel.swift */,
			);
			path = History;
			sourceTree = "<group>";
		};
		30FCF16C3012B24A001A7AD8 /* Home */ = {
			isa = PBXGroup;
			children = (
				30FCF16B3012B24A001A7AD8 /* HomeView.swift */,
			);
			path = Home;
			sourceTree = "<group>";
		};
		30FCF16F3012B24A001A7AD8 /* Insights */ = {
			isa = PBXGroup;
			children = (
				30FCF16D3012B24A001A7AD8 /* InsightsView.swift */,
				30FCF16E3012B24A001A7AD8 /* InsightsViewModel.swift */,
			);
			path = Insights;
			sourceTree = "<group>";
		};
		30FCF1713012B24A001A7AD8 /* Main */ = {
			isa = PBXGroup;
			children = (
				30FCF1703012B24A001A7AD8 /* MainTabView.swift */,
			);
			path = Main;
			sourceTree = "<group>";
		};
		30FCF1733012B24A001A7AD8 /* Milestones */ = {
			isa = PBXGroup;
			children = (
				30FCF1723012B24A001A7AD8 /* MilestonesView.swift */,
			);
			path = Milestones;
			sourceTree = "<group>";
		};
		30FCF1753012B24A001A7AD8 /* Onboarding */ = {
			isa = PBXGroup;
			children = (
				30FCF1743012B24A001A7AD8 /* OnboardingView.swift */,
			);
			path = Onboarding;
			sourceTree = "<group>";
		};
		30FCF1773012B24A001A7AD8 /* Reports */ = {
			isa = PBXGroup;
			children = (
				30FCF1763012B24A001A7AD8 /* ReportExportView.swift */,
			);
			path = Reports;
			sourceTree = "<group>";
		};
		30FCF1793012B24A001A7AD8 /* Settings */ = {
			isa = PBXGroup;
			children = (
				30FCF1783012B24A001A7AD8 /* SettingsView.swift */,
			);
			path = Settings;
			sourceTree = "<group>";
		};
		30FCF17C3012B24A001A7AD8 /* Tracker */ = {
			isa = PBXGroup;
			children = (
				30FCF17A3012B24A001A7AD8 /* TrackerView.swift */,
				30FCF17B3012B24A001A7AD8 /* TrackerViewModel.swift */,
			);
			path = Tracker;
			sourceTree = "<group>";
		};
		30FCF17D3012B24A001A7AD8 /* Features */ = {
			isa = PBXGroup;
			children = (
				30FCF1653012B24A001A7AD8 /* Achievements */,
				30FCF1673012B24A001A7AD8 /* Guides */,
				30FCF16A3012B24A001A7AD8 /* History */,
				30FCF16C3012B24A001A7AD8 /* Home */,
				30FCF16F3012B24A001A7AD8 /* Insights */,
				30FCF1713012B24A001A7AD8 /* Main */,
				30FCF1733012B24A001A7AD8 /* Milestones */,
				30FCF1753012B24A001A7AD8 /* Onboarding */,
				30FCF1773012B24A001A7AD8 /* Reports */,
				30FCF1793012B24A001A7AD8 /* Settings */,
				30FCF17C3012B24A001A7AD8 /* Tracker */,
			);
			path = Features;
			sourceTree = "<group>";
		};
		30FCF1893012B24A001A7AD8 /* LaunchFlow */ = {
			isa = PBXGroup;
			children = (
				30FCF17E3012B24A001A7AD8 /* CalendarGateEvaluator.swift */,
				30FCF17F3012B24A001A7AD8 /* DeferredLaunchCanvas.swift */,
				30FCF1803012B24A001A7AD8 /* LaunchDestination.swift */,
				30FCF1813012B24A001A7AD8 /* LaunchFlowResolver.swift */,
				30FCF1823012B24A001A7AD8 /* LaunchFlowSecrets.swift */,
				30FCF1833012B24A001A7AD8 /* LaunchSessionStore.swift */,
				30FCF1843012B24A001A7AD8 /* LaunchStagingState.swift */,
				30FCF1853012B24A001A7AD8 /* RemoteEntryProbe.swift */,
				30FCF1863012B24A001A7AD8 /* RemoteEntryURLComposer.swift */,
				30FCF1873012B24A001A7AD8 /* RootWindowPresenter.swift */,
				30FCF1883012B24A001A7AD8 /* WebDocumentSurfaceView.swift */,
			);
			path = LaunchFlow;
			sourceTree = "<group>";
		};
		30FCF18B3012B24A001A7AD8 /* Resources */ = {
			isa = PBXGroup;
			children = (
				30FCF18A3012B24A001A7AD8 /* privacy_policy.md */,
			);
			path = Resources;
			sourceTree = "<group>";
		};
		30FCF1963012B24A001A7AD8 /* 264SilentAlloy */ = {
			isa = PBXGroup;
			children = (
				30FCF1583012B24A001A7AD8 /* Components */,
				30FCF1643012B24A001A7AD8 /* Core */,
				30FCF17D3012B24A001A7AD8 /* Features */,
				30FCF1893012B24A001A7AD8 /* LaunchFlow */,
				30FCF18B3012B24A001A7AD8 /* Resources */,
				30FCF18C3012B24A001A7AD8 /* AppDelegate.swift */,
				30FCF18D3012B24A001A7AD8 /* Assets.xcassets */,
				30FCF18E3012B24A001A7AD8 /* ContentView.swift */,
				30FCF18F3012B24A001A7AD8 /* Info.plist */,
				30FCF1913012B24A001A7AD8 /* LaunchScreen.storyboard */,
				30FCF1933012B24A001A7AD8 /* Main.storyboard */,
				30FCF1943012B24A001A7AD8 /* SceneDelegate.swift */,
				30FCF1953012B24A001A7AD8 /* ViewController.swift */,
			);
			path = 264SilentAlloy;
			sourceTree = "<group>";
		};
		688A1906BD5F833EFDBD9117 /* Pods */ = {
			isa = PBXGroup;
			children = (
				7D05075553D91BE6C9B6DE93 /* Pods-264SilentAlloy.debug.xcconfig */,
				70E4B07F1254153E9828FA81 /* Pods-264SilentAlloy.release.xcconfig */,
			);
			path = Pods;
			sourceTree = "<group>";
		};
		B8782C8916D8788AFF72C9B4 /* Frameworks */ = {
			isa = PBXGroup;
			children = (
				A957649A221363F49F735C39 /* Pods_264SilentAlloy.framework */,
			);
			name = Frameworks;
			sourceTree = "<group>";
		};
/* End PBXGroup section */

/* Begin PBXNativeTarget section */
		3054B1C43004EFCA00E71176 /* 264SilentAlloy */ = {
			isa = PBXNativeTarget;
			buildConfigurationList = 3054B1D83004EFCC00E71176 /* Build configuration list for PBXNativeTarget "264SilentAlloy" */;
			buildPhases = (
				963F6BC7CCD4B538B8726FEC /* [CP] Check Pods Manifest.lock */,
				3054B1C13004EFCA00E71176 /* Sources */,
				3054B1C23004EFCA00E71176 /* Frameworks */,
				3054B1C33004EFCA00E71176 /* Resources */,
			);
			buildRules = (
			);
			dependencies = (
			);
			name = 264SilentAlloy;
			productName = 264SilentAlloy;
			productReference = 3054B1C53004EFCA00E71176 /* 264SilentAlloy.app */;
			productType = "com.apple.product-type.application";
		};
/* End PBXNativeTarget section */

/* Begin PBXProject section */
		3054B1BD3004EFCA00E71176 /* Project object */ = {
			isa = PBXProject;
			attributes = {
				BuildIndependentTargetsInParallel = 1;
				LastSwiftUpdateCheck = 2660;
				LastUpgradeCheck = 2660;
				TargetAttributes = {
					3054B1C43004EFCA00E71176 = {
						CreatedOnToolsVersion = 26.6;
					};
				};
			};
			buildConfigurationList = 3054B1C03004EFCA00E71176 /* Build configuration list for PBXProject "264SilentAlloy" */;
			compatibilityVersion = "Xcode 15.0";
			developmentRegion = en;
			hasScannedForEncodings = 0;
			knownRegions = (
				en,
				Base,
			);
			mainGroup = 3054B1BC3004EFCA00E71176;
			productRefGroup = 3054B1C63004EFCA00E71176 /* Products */;
			projectDirPath = "";
			projectRoot = "";
			targets = (
				3054B1C43004EFCA00E71176 /* 264SilentAlloy */,
			);
		};
/* End PBXProject section */

/* Begin PBXResourcesBuildPhase section */
		3054B1C33004EFCA00E71176 /* Resources */ = {
			isa = PBXResourcesBuildPhase;
			buildActionMask = 2147483647;
			files = (
				30FCF1973012B24A001A7AD8 /* privacy_policy.md in Resources */,
				30FCF1983012B24A001A7AD8 /* Assets.xcassets in Resources */,
				30FCF19A3012B24A001A7AD8 /* LaunchScreen.storyboard in Resources */,
				30FCF19B3012B24A001A7AD8 /* Main.storyboard in Resources */,
			);
			runOnlyForDeploymentPostprocessing = 0;
		};
/* End PBXResourcesBuildPhase section */

/* Begin PBXShellScriptBuildPhase section */
		963F6BC7CCD4B538B8726FEC /* [CP] Check Pods Manifest.lock */ = {
			isa = PBXShellScriptBuildPhase;
			buildActionMask = 2147483647;
			files = (
			);
			inputFileListPaths = (
			);
			inputPaths = (
				"${PODS_PODFILE_DIR_PATH}/Podfile.lock",
				"${PODS_ROOT}/Manifest.lock",
			);
			name = "[CP] Check Pods Manifest.lock";
			outputFileListPaths = (
			);
			outputPaths = (
				"$(DERIVED_FILE_DIR)/Pods-264SilentAlloy-checkManifestLockResult.txt",
			);
			runOnlyForDeploymentPostprocessing = 0;
			shellPath = /bin/sh;
			shellScript = "diff \"${PODS_PODFILE_DIR_PATH}/Podfile.lock\" \"${PODS_ROOT}/Manifest.lock\" > /dev/null\nif [ $? != 0 ] ; then\n    # print error to STDERR\n    echo \"error: The sandbox is not in sync with the Podfile.lock. Run 'pod install' or update your CocoaPods installation.\" >&2\n    exit 1\nfi\n# This output is used by Xcode 'outputs' to avoid re-running this script phase.\necho \"SUCCESS\" > \"${SCRIPT_OUTPUT_FILE_0}\"\n";
			showEnvVarsInLog = 0;
		};
/* End PBXShellScriptBuildPhase section */

/* Begin PBXSourcesBuildPhase section */
		3054B1C13004EFCA00E71176 /* Sources */ = {
			isa = PBXSourcesBuildPhase;
			buildActionMask = 2147483647;
			files = (
				30FCF19C3012B24A001A7AD8 /* DesignSystemCells.swift in Sources */,
				30FCF19D3012B24A001A7AD8 /* SharedComponents.swift in Sources */,
				30FCF19E3012B24A001A7AD8 /* AppLink.swift in Sources */,
				30FCF19F3012B24A001A7AD8 /* DewPointModels.swift in Sources */,
				30FCF1A03012B24A001A7AD8 /* AppDataStore.swift in Sources */,
				30FCF1A13012B24A001A7AD8 /* DewPointAnalysis.swift in Sources */,
				30FCF1A23012B24A001A7AD8 /* FeedbackService.swift in Sources */,
				30FCF1A33012B24A001A7AD8 /* ReportExporter.swift in Sources */,
				30FCF1A43012B24A001A7AD8 /* DepthChrome.swift in Sources */,
				30FCF1A53012B24A001A7AD8 /* ViewModifiers.swift in Sources */,
				30FCF1A63012B24A001A7AD8 /* GuidesHubView.swift in Sources */,
				30FCF1A73012B24A001A7AD8 /* HistoryView.swift in Sources */,
				30FCF1A83012B24A001A7AD8 /* HistoryViewModel.swift in Sources */,
				30FCF1A93012B24A001A7AD8 /* HomeView.swift in Sources */,
				30FCF1AA3012B24A001A7AD8 /* InsightsView.swift in Sources */,
				30FCF1AB3012B24A001A7AD8 /* InsightsViewModel.swift in Sources */,
				30FCF1AC3012B24A001A7AD8 /* MainTabView.swift in Sources */,
				30FCF1AD3012B24A001A7AD8 /* MilestonesView.swift in Sources */,
				30FCF1AE3012B24A001A7AD8 /* OnboardingView.swift in Sources */,
				30FCF1AF3012B24A001A7AD8 /* ReportExportView.swift in Sources */,
				30FCF1B03012B24A001A7AD8 /* SettingsView.swift in Sources */,
				30FCF1B13012B24A001A7AD8 /* TrackerView.swift in Sources */,
				30FCF1B23012B24A001A7AD8 /* TrackerViewModel.swift in Sources */,
				30FCF1B33012B24A001A7AD8 /* CalendarGateEvaluator.swift in Sources */,
				30FCF1B43012B24A001A7AD8 /* DeferredLaunchCanvas.swift in Sources */,
				30FCF1B53012B24A001A7AD8 /* LaunchDestination.swift in Sources */,
				30FCF1B63012B24A001A7AD8 /* LaunchFlowResolver.swift in Sources */,
				30FCF1B73012B24A001A7AD8 /* LaunchFlowSecrets.swift in Sources */,
				30FCF1B83012B24A001A7AD8 /* LaunchSessionStore.swift in Sources */,
				30FCF1B93012B24A001A7AD8 /* LaunchStagingState.swift in Sources */,
				30FCF1BA3012B24A001A7AD8 /* RemoteEntryProbe.swift in Sources */,
				30FCF1BB3012B24A001A7AD8 /* RemoteEntryURLComposer.swift in Sources */,
				30FCF1BC3012B24A001A7AD8 /* RootWindowPresenter.swift in Sources */,
				30FCF1BD3012B24A001A7AD8 /* WebDocumentSurfaceView.swift in Sources */,
				30FCF1BE3012B24A001A7AD8 /* AppDelegate.swift in Sources */,
				30FCF1BF3012B24A001A7AD8 /* ContentView.swift in Sources */,
				30FCF1C03012B24A001A7AD8 /* SceneDelegate.swift in Sources */,
				30FCF1C13012B24A001A7AD8 /* ViewController.swift in Sources */,
			);
			runOnlyForDeploymentPostprocessing = 0;
		};
/* End PBXSourcesBuildPhase section */

/* Begin PBXVariantGroup section */
		30FCF1913012B24A001A7AD8 /* LaunchScreen.storyboard */ = {
			isa = PBXVariantGroup;
			children = (
				30FCF1903012B24A001A7AD8 /* Base */,
			);
			name = LaunchScreen.storyboard;
			sourceTree = "<group>";
		};
		30FCF1933012B24A001A7AD8 /* Main.storyboard */ = {
			isa = PBXVariantGroup;
			children = (
				30FCF1923012B24A001A7AD8 /* Base */,
			);
			name = Main.storyboard;
			sourceTree = "<group>";
		};
/* End PBXVariantGroup section */

/* Begin XCBuildConfiguration section */
		3054B1D93004EFCC00E71176 /* Debug */ = {
			isa = XCBuildConfiguration;
			baseConfigurationReference = 7D05075553D91BE6C9B6DE93 /* Pods-264SilentAlloy.debug.xcconfig */;
			buildSettings = {
				ASSETCATALOG_COMPILER_APPICON_NAME = AppIcon;
				ASSETCATALOG_COMPILER_GLOBAL_ACCENT_COLOR_NAME = AccentColor;
				CODE_SIGN_STYLE = Automatic;
				CURRENT_PROJECT_VERSION = 1;
				GENERATE_INFOPLIST_FILE = YES;
				INFOPLIST_FILE = 264SilentAlloy/Info.plist;
				INFOPLIST_KEY_CFBundleDisplayName = "Silent Alloy";
				INFOPLIST_KEY_ITSAppUsesNonExemptEncryption = NO;
				INFOPLIST_KEY_LSApplicationCategoryType = "public.app-category.weather";
				INFOPLIST_KEY_UIApplicationSupportsIndirectInputEvents = YES;
				INFOPLIST_KEY_UILaunchStoryboardName = LaunchScreen;
				INFOPLIST_KEY_UIStatusBarStyle = UIStatusBarStyleLightContent;
				INFOPLIST_KEY_UISupportedInterfaceOrientations = UIInterfaceOrientationPortrait;
				INFOPLIST_KEY_UISupportedInterfaceOrientations_iPad = "UIInterfaceOrientationLandscapeLeft UIInterfaceOrientationLandscapeRight UIInterfaceOrientationPortrait UIInterfaceOrientationPortraitUpsideDown";
				IPHONEOS_DEPLOYMENT_TARGET = 16.0;
				LD_RUNPATH_SEARCH_PATHS = (
					"$(inherited)",
					"@executable_path/Frameworks",
				);
				MARKETING_VERSION = 1.1;
				PRODUCT_BUNDLE_IDENTIFIER = com.nej.s1l3nt0ll0y;
				PRODUCT_NAME = "$(TARGET_NAME)";
				STRING_CATALOG_GENERATE_SYMBOLS = YES;
				SUPPORTED_PLATFORMS = "iphoneos iphonesimulator";
				SUPPORTS_MACCATALYST = NO;
				SUPPORTS_MAC_DESIGNED_FOR_IPHONE_IPAD = NO;
				SUPPORTS_XR_DESIGNED_FOR_IPHONE_IPAD = NO;
				SWIFT_APPROACHABLE_CONCURRENCY = YES;
				SWIFT_DEFAULT_ACTOR_ISOLATION = MainActor;
				SWIFT_EMIT_LOC_STRINGS = YES;
				SWIFT_UPCOMING_FEATURE_MEMBER_IMPORT_VISIBILITY = YES;
				SWIFT_VERSION = 5.0;
				TARGETED_DEVICE_FAMILY = 1;
			};
			name = Debug;
		};
		3054B1DA3004EFCC00E71176 /* Release */ = {
			isa = XCBuildConfiguration;
			baseConfigurationReference = 70E4B07F1254153E9828FA81 /* Pods-264SilentAlloy.release.xcconfig */;
			buildSettings = {
				ASSETCATALOG_COMPILER_APPICON_NAME = AppIcon;
				ASSETCATALOG_COMPILER_GLOBAL_ACCENT_COLOR_NAME = AccentColor;
				CODE_SIGN_STYLE = Automatic;
				CURRENT_PROJECT_VERSION = 1;
				GENERATE_INFOPLIST_FILE = YES;
				INFOPLIST_FILE = 264SilentAlloy/Info.plist;
				INFOPLIST_KEY_CFBundleDisplayName = "Silent Alloy";
				INFOPLIST_KEY_ITSAppUsesNonExemptEncryption = NO;
				INFOPLIST_KEY_LSApplicationCategoryType = "public.app-category.weather";
				INFOPLIST_KEY_UIApplicationSupportsIndirectInputEvents = YES;
				INFOPLIST_KEY_UILaunchStoryboardName = LaunchScreen;
				INFOPLIST_KEY_UIStatusBarStyle = UIStatusBarStyleLightContent;
				INFOPLIST_KEY_UISupportedInterfaceOrientations = UIInterfaceOrientationPortrait;
				INFOPLIST_KEY_UISupportedInterfaceOrientations_iPad = "UIInterfaceOrientationLandscapeLeft UIInterfaceOrientationLandscapeRight UIInterfaceOrientationPortrait UIInterfaceOrientationPortraitUpsideDown";
				IPHONEOS_DEPLOYMENT_TARGET = 16.0;
				LD_RUNPATH_SEARCH_PATHS = (
					"$(inherited)",
					"@executable_path/Frameworks",
				);
				MARKETING_VERSION = 1.1;
				PRODUCT_BUNDLE_IDENTIFIER = com.nej.s1l3nt0ll0y;
				PRODUCT_NAME = "$(TARGET_NAME)";
				STRING_CATALOG_GENERATE_SYMBOLS = YES;
				SUPPORTED_PLATFORMS = "iphoneos iphonesimulator";
				SUPPORTS_MACCATALYST = NO;
				SUPPORTS_MAC_DESIGNED_FOR_IPHONE_IPAD = NO;
				SUPPORTS_XR_DESIGNED_FOR_IPHONE_IPAD = NO;
				SWIFT_APPROACHABLE_CONCURRENCY = YES;
				SWIFT_DEFAULT_ACTOR_ISOLATION = MainActor;
				SWIFT_EMIT_LOC_STRINGS = YES;
				SWIFT_UPCOMING_FEATURE_MEMBER_IMPORT_VISIBILITY = YES;
				SWIFT_VERSION = 5.0;
				TARGETED_DEVICE_FAMILY = 1;
			};
			name = Release;
		};
		3054B1DB3004EFCC00E71176 /* Debug */ = {
			isa = XCBuildConfiguration;
			buildSettings = {
				ALWAYS_SEARCH_USER_PATHS = NO;
				ASSETCATALOG_COMPILER_GENERATE_SWIFT_ASSET_SYMBOL_EXTENSIONS = YES;
				CLANG_ANALYZER_NONNULL = YES;
				CLANG_ANALYZER_NUMBER_OBJECT_CONVERSION = YES_AGGRESSIVE;
				CLANG_CXX_LANGUAGE_STANDARD = "gnu++20";
				CLANG_ENABLE_MODULES = YES;
				CLANG_ENABLE_OBJC_ARC = YES;
				CLANG_ENABLE_OBJC_WEAK = YES;
				CLANG_WARN_BLOCK_CAPTURE_AUTORELEASING = YES;
				CLANG_WARN_BOOL_CONVERSION = YES;
				CLANG_WARN_COMMA = YES;
				CLANG_WARN_CONSTANT_CONVERSION = YES;
				CLANG_WARN_DEPRECATED_OBJC_IMPLEMENTATIONS = YES;
				CLANG_WARN_DIRECT_OBJC_ISA_USAGE = YES_ERROR;
				CLANG_WARN_DOCUMENTATION_COMMENTS = YES;
				CLANG_WARN_EMPTY_BODY = YES;
				CLANG_WARN_ENUM_CONVERSION = YES;
				CLANG_WARN_INFINITE_RECURSION = YES;
				CLANG_WARN_INT_CONVERSION = YES;
				CLANG_WARN_NON_LITERAL_NULL_CONVERSION = YES;
				CLANG_WARN_OBJC_IMPLICIT_RETAIN_SELF = YES;
				CLANG_WARN_OBJC_LITERAL_CONVERSION = YES;
				CLANG_WARN_OBJC_ROOT_CLASS = YES_ERROR;
				CLANG_WARN_QUOTED_INCLUDE_IN_FRAMEWORK_HEADER = YES;
				CLANG_WARN_RANGE_LOOP_ANALYSIS = YES;
				CLANG_WARN_STRICT_PROTOTYPES = YES;
				CLANG_WARN_SUSPICIOUS_MOVE = YES;
				CLANG_WARN_UNGUARDED_AVAILABILITY = YES_AGGRESSIVE;
				CLANG_WARN_UNREACHABLE_CODE = YES;
				CLANG_WARN__DUPLICATE_METHOD_MATCH = YES;
				COPY_PHASE_STRIP = NO;
				DEBUG_INFORMATION_FORMAT = dwarf;
				ENABLE_STRICT_OBJC_MSGSEND = YES;
				ENABLE_TESTABILITY = YES;
				ENABLE_USER_SCRIPT_SANDBOXING = YES;
				GCC_C_LANGUAGE_STANDARD = gnu17;
				GCC_DYNAMIC_NO_PIC = NO;
				GCC_NO_COMMON_BLOCKS = YES;
				GCC_OPTIMIZATION_LEVEL = 0;
				GCC_PREPROCESSOR_DEFINITIONS = (
					"DEBUG=1",
					"$(inherited)",
				);
				GCC_WARN_64_TO_32_BIT_CONVERSION = YES;
				GCC_WARN_ABOUT_RETURN_TYPE = YES_ERROR;
				GCC_WARN_UNDECLARED_SELECTOR = YES;
				GCC_WARN_UNINITIALIZED_AUTOS = YES_AGGRESSIVE;
				GCC_WARN_UNUSED_FUNCTION = YES;
				GCC_WARN_UNUSED_VARIABLE = YES;
				IPHONEOS_DEPLOYMENT_TARGET = 26.5;
				LOCALIZATION_PREFERS_STRING_CATALOGS = YES;
				MTL_ENABLE_DEBUG_INFO = INCLUDE_SOURCE;
				MTL_FAST_MATH = YES;
				ONLY_ACTIVE_ARCH = YES;
				SDKROOT = iphoneos;
				SWIFT_ACTIVE_COMPILATION_CONDITIONS = "DEBUG $(inherited)";
				SWIFT_OPTIMIZATION_LEVEL = "-Onone";
			};
			name = Debug;
		};
		3054B1DC3004EFCC00E71176 /* Release */ = {
			isa = XCBuildConfiguration;
			buildSettings = {
				ALWAYS_SEARCH_USER_PATHS = NO;
				ASSETCATALOG_COMPILER_GENERATE_SWIFT_ASSET_SYMBOL_EXTENSIONS = YES;
				CLANG_ANALYZER_NONNULL = YES;
				CLANG_ANALYZER_NUMBER_OBJECT_CONVERSION = YES_AGGRESSIVE;
				CLANG_CXX_LANGUAGE_STANDARD = "gnu++20";
				CLANG_ENABLE_MODULES = YES;
				CLANG_ENABLE_OBJC_ARC = YES;
				CLANG_ENABLE_OBJC_WEAK = YES;
				CLANG_WARN_BLOCK_CAPTURE_AUTORELEASING = YES;
				CLANG_WARN_BOOL_CONVERSION = YES;
				CLANG_WARN_COMMA = YES;
				CLANG_WARN_CONSTANT_CONVERSION = YES;
				CLANG_WARN_DEPRECATED_OBJC_IMPLEMENTATIONS = YES;
				CLANG_WARN_DIRECT_OBJC_ISA_USAGE = YES_ERROR;
				CLANG_WARN_DOCUMENTATION_COMMENTS = YES;
				CLANG_WARN_EMPTY_BODY = YES;
				CLANG_WARN_ENUM_CONVERSION = YES;
				CLANG_WARN_INFINITE_RECURSION = YES;
				CLANG_WARN_INT_CONVERSION = YES;
				CLANG_WARN_NON_LITERAL_NULL_CONVERSION = YES;
				CLANG_WARN_OBJC_IMPLICIT_RETAIN_SELF = YES;
				CLANG_WARN_OBJC_LITERAL_CONVERSION = YES;
				CLANG_WARN_OBJC_ROOT_CLASS = YES_ERROR;
				CLANG_WARN_QUOTED_INCLUDE_IN_FRAMEWORK_HEADER = YES;
				CLANG_WARN_RANGE_LOOP_ANALYSIS = YES;
				CLANG_WARN_STRICT_PROTOTYPES = YES;
				CLANG_WARN_SUSPICIOUS_MOVE = YES;
				CLANG_WARN_UNGUARDED_AVAILABILITY = YES_AGGRESSIVE;
				CLANG_WARN_UNREACHABLE_CODE = YES;
				CLANG_WARN__DUPLICATE_METHOD_MATCH = YES;
				COPY_PHASE_STRIP = NO;
				DEBUG_INFORMATION_FORMAT = "dwarf-with-dsym";
				ENABLE_NS_ASSERTIONS = NO;
				ENABLE_STRICT_OBJC_MSGSEND = YES;
				ENABLE_USER_SCRIPT_SANDBOXING = YES;
				GCC_C_LANGUAGE_STANDARD = gnu17;
				GCC_NO_COMMON_BLOCKS = YES;
				GCC_WARN_64_TO_32_BIT_CONVERSION = YES;
				GCC_WARN_ABOUT_RETURN_TYPE = YES_ERROR;
				GCC_WARN_UNDECLARED_SELECTOR = YES;
				GCC_WARN_UNINITIALIZED_AUTOS = YES_AGGRESSIVE;
				GCC_WARN_UNUSED_FUNCTION = YES;
				GCC_WARN_UNUSED_VARIABLE = YES;
				IPHONEOS_DEPLOYMENT_TARGET = 26.5;
				LOCALIZATION_PREFERS_STRING_CATALOGS = YES;
				MTL_ENABLE_DEBUG_INFO = NO;
				MTL_FAST_MATH = YES;
				SDKROOT = iphoneos;
				SWIFT_COMPILATION_MODE = wholemodule;
				VALIDATE_PRODUCT = YES;
			};
			name = Release;
		};
/* End XCBuildConfiguration section */

/* Begin XCConfigurationList section */
		3054B1C03004EFCA00E71176 /* Build configuration list for PBXProject "264SilentAlloy" */ = {
			isa = XCConfigurationList;
			buildConfigurations = (
				3054B1DB3004EFCC00E71176 /* Debug */,
				3054B1DC3004EFCC00E71176 /* Release */,
			);
			defaultConfigurationIsVisible = 0;
			defaultConfigurationName = Release;
		};
		3054B1D83004EFCC00E71176 /* Build configuration list for PBXNativeTarget "264SilentAlloy" */ = {
			isa = XCConfigurationList;
			buildConfigurations = (
				3054B1D93004EFCC00E71176 /* Debug */,
				3054B1DA3004EFCC00E71176 /* Release */,
			);
			defaultConfigurationIsVisible = 0;
			defaultConfigurationName = Release;
		};
/* End XCConfigurationList section */
	};
	rootObject = 3054B1BD3004EFCA00E71176 /* Project object */;
}
